
Microsoft Visual Studio Solution File, Format Version 12.00
# Visual Studio Version 16
VisualStudioVersion = 16.0.30309.148
MinimumVisualStudioVersion = 10.0.40219.1
Project("{FAE04EC0-301F-11D3-BF4B-00C04F79EFBC}") = "AQUA_DATA", "AQUA_DATA.csproj", "{430195E3-973D-448A-9279-39F8204C0803}"
EndProject
Global
	GlobalSection(SolutionConfigurationPlatforms) = preSolution
		Debug|Any CPU = Debug|Any CPU
		Release|Any CPU = Release|Any CPU
	EndGlobalSection
	GlobalSection(ProjectConfigurationPlatforms) = postSolution
		{430195E3-973D-448A-9279-39F8204C0803}.Debug|Any CPU.ActiveCfg = Debug|Any CPU
		{430195E3-973D-448A-9279-39F8204C0803}.Debug|Any CPU.Build.0 = Debug|Any CPU
		{430195E3-973D-448A-9279-39F8204C0803}.Release|Any CPU.ActiveCfg = Release|Any CPU
		{430195E3-973D-448A-9279-39F8204C0803}.Release|Any CPU.Build.0 = Release|Any CPU
	EndGlobalSection
	GlobalSection(SolutionProperties) = preSolution
		HideSolutionNode = FALSE
	EndGlobalSection
	GlobalSection(ExtensibilityGlobals) = postSolution
		SolutionGuid = {AF6218AD-0ED4-4E1F-998B-65B0DEB236FF}
	EndGlobalSection
EndGlobal
